
Microsoft Visual Studio Solution File, Format Version 12.00
# Visual Studio Version 17
VisualStudioVersion = 17.5.002.0
MinimumVisualStudioVersion = 10.0.40219.1
Project("{9A19103F-16F7-4668-BE54-9A1E7A4F7556}") = "azure-func-github-ci-cd", "azure-func-github-ci-cd.csproj", "{0A700C64-ADE1-4CC6-853A-644A54B4506B}"
EndProject
Global
	GlobalSection(SolutionConfigurationPlatforms) = preSolution
		Debug|Any CPU = Debug|Any CPU
		Release|Any CPU = Release|Any CPU
	EndGlobalSection
	GlobalSection(ProjectConfigurationPlatforms) = postSolution
		{0A700C64-ADE1-4CC6-853A-644A54B4506B}.Debug|Any CPU.ActiveCfg = Debug|Any CPU
		{0A700C64-ADE1-4CC6-853A-644A54B4506B}.Debug|Any CPU.Build.0 = Debug|Any CPU
		{0A700C64-ADE1-4CC6-853A-644A54B4506B}.Release|Any CPU.ActiveCfg = Release|Any CPU
		{0A700C64-ADE1-4CC6-853A-644A54B4506B}.Release|Any CPU.Build.0 = Release|Any CPU
	EndGlobalSection
	GlobalSection(SolutionProperties) = preSolution
		HideSolutionNode = FALSE
	EndGlobalSection
	GlobalSection(ExtensibilityGlobals) = postSolution
		SolutionGuid = {3D4E5A18-27D7-4E6E-9B9B-9A7007D0BCC4}
	EndGlobalSection
EndGlobal
